
Microsoft Visual Studio Solution File, Format Version 12.00
# Visual Studio Version 16
VisualStudioVersion = 16.0.28407.52
MinimumVisualStudioVersion = 10.0.40219.1
Project("{FAE04EC0-301F-11D3-BF4B-00C04F79EFBC}") = "Tuna", "Tuna\Tuna.csproj", "{218C414C-F0BB-4297-B96F-34A2A3D10C1C}"
EndProject
Global
	GlobalSection(SolutionConfigurationPlatforms) = preSolution
		Debug|Any CPU = Debug|Any CPU
		Release|Any CPU = Release|Any CPU
	EndGlobalSection
	GlobalSection(ProjectConfigurationPlatforms) = postSolution
		{218C414C-F0BB-4297-B96F-34A2A3D10C1C}.Debug|Any CPU.ActiveCfg = Debug|Any CPU
		{218C414C-F0BB-4297-B96F-34A2A3D10C1C}.Debug|Any CPU.Build.0 = Debug|Any CPU
		{218C414C-F0BB-4297-B96F-34A2A3D10C1C}.Release|Any CPU.ActiveCfg = Release|Any CPU
		{218C414C-F0BB-4297-B96F-34A2A3D10C1C}.Release|Any CPU.Build.0 = Release|Any CPU
	EndGlobalSection
	GlobalSection(SolutionProperties) = preSolution
		HideSolutionNode = FALSE
	EndGlobalSection
	GlobalSection(ExtensibilityGlobals) = postSolution
		SolutionGuid = {8E756217-4E3F-4AD1-84D2-319BEEFEE6FF}
	EndGlobalSection
EndGlobal
